<<<<<<< HEAD
Microsoft Visual Studio Solution File, Format Version 11.00
# Visual Studio 2008

Project("{E194E843-735E-F658-58CD-8C0D65A3F90D}") = "BH4", "Assembly-CSharp.csproj", "{9DFB9B58-E578-2068-5293-9CABBDDE1B6F}"
=======
﻿
Microsoft Visual Studio Solution File, Format Version 12.00
# Visual Studio 2015
Project("{FAE04EC0-301F-11D3-BF4B-00C04F79EFBC}") = "BH4", "BH4.csproj", "{EAE36761-6484-2F4A-FEA1-6CB584016EA3}"
>>>>>>> refs/remotes/origin/master
EndProject
Global
	GlobalSection(SolutionConfigurationPlatforms) = preSolution
		Debug|Any CPU = Debug|Any CPU
		Release|Any CPU = Release|Any CPU
	EndGlobalSection
	GlobalSection(ProjectConfigurationPlatforms) = postSolution
<<<<<<< HEAD
		{9DFB9B58-E578-2068-5293-9CABBDDE1B6F}.Debug|Any CPU.ActiveCfg = Debug|Any CPU
		{9DFB9B58-E578-2068-5293-9CABBDDE1B6F}.Debug|Any CPU.Build.0 = Debug|Any CPU
		{9DFB9B58-E578-2068-5293-9CABBDDE1B6F}.Release|Any CPU.ActiveCfg = Release|Any CPU
		{9DFB9B58-E578-2068-5293-9CABBDDE1B6F}.Release|Any CPU.Build.0 = Release|Any CPU
=======
		{EAE36761-6484-2F4A-FEA1-6CB584016EA3}.Debug|Any CPU.ActiveCfg = Debug|Any CPU
		{EAE36761-6484-2F4A-FEA1-6CB584016EA3}.Debug|Any CPU.Build.0 = Debug|Any CPU
		{EAE36761-6484-2F4A-FEA1-6CB584016EA3}.Release|Any CPU.ActiveCfg = Release|Any CPU
		{EAE36761-6484-2F4A-FEA1-6CB584016EA3}.Release|Any CPU.Build.0 = Release|Any CPU
>>>>>>> refs/remotes/origin/master
	EndGlobalSection
	GlobalSection(SolutionProperties) = preSolution
		HideSolutionNode = FALSE
	EndGlobalSection
	GlobalSection(MonoDevelopProperties) = preSolution
		StartupItem = Assembly-CSharp.csproj
	EndGlobalSection
EndGlobal
