Microsoft Visual Studio Solution File, Format Version 11.00
# Visual Studio 2008

Project("{E194E843-735E-F658-58CD-8C0D65A3F90D}") = "BH4", "Assembly-CSharp.csproj", "{9DFB9B58-E578-2068-5293-9CABBDDE1B6F}"
EndProject
Global
	GlobalSection(SolutionConfigurationPlatforms) = preSolution
		Debug|Any CPU = Debug|Any CPU
		Release|Any CPU = Release|Any CPU
	EndGlobalSection
	GlobalSection(ProjectConfigurationPlatforms) = postSolution
		{9DFB9B58-E578-2068-5293-9CABBDDE1B6F}.Debug|Any CPU.ActiveCfg = Debug|Any CPU
		{9DFB9B58-E578-2068-5293-9CABBDDE1B6F}.Debug|Any CPU.Build.0 = Debug|Any CPU
		{9DFB9B58-E578-2068-5293-9CABBDDE1B6F}.Release|Any CPU.ActiveCfg = Release|Any CPU
		{9DFB9B58-E578-2068-5293-9CABBDDE1B6F}.Release|Any CPU.Build.0 = Release|Any CPU
	EndGlobalSection
	GlobalSection(SolutionProperties) = preSolution
		HideSolutionNode = FALSE
	EndGlobalSection
	GlobalSection(MonoDevelopProperties) = preSolution
		StartupItem = Assembly-CSharp.csproj
	EndGlobalSection
EndGlobal
